
Microsoft Visual Studio Solution File, Format Version 12.00
# Visual Studio Version 16
VisualStudioVersion = 16.0.31702.278
MinimumVisualStudioVersion = 10.0.40219.1
Project("{FAE04EC0-301F-11D3-BF4B-00C04F79EFBC}") = "BookStore", "BookStore\BookStore.csproj", "{93ED3C7A-C8BF-4189-BFA5-9C2270A3FB1C}"
EndProject
Global
	GlobalSection(SolutionConfigurationPlatforms) = preSolution
		Debug|Any CPU = Debug|Any CPU
		Release|Any CPU = Release|Any CPU
	EndGlobalSection
	GlobalSection(ProjectConfigurationPlatforms) = postSolution
		{93ED3C7A-C8BF-4189-BFA5-9C2270A3FB1C}.Debug|Any CPU.ActiveCfg = Debug|Any CPU
		{93ED3C7A-C8BF-4189-BFA5-9C2270A3FB1C}.Debug|Any CPU.Build.0 = Debug|Any CPU
		{93ED3C7A-C8BF-4189-BFA5-9C2270A3FB1C}.Release|Any CPU.ActiveCfg = Release|Any CPU
		{93ED3C7A-C8BF-4189-BFA5-9C2270A3FB1C}.Release|Any CPU.Build.0 = Release|Any CPU
	EndGlobalSection
	GlobalSection(SolutionProperties) = preSolution
		HideSolutionNode = FALSE
	EndGlobalSection
	GlobalSection(ExtensibilityGlobals) = postSolution
		SolutionGuid = {5EE1D187-0A5C-4DEF-8706-99DC51378831}
	EndGlobalSection
EndGlobal
